// !$*UTF8*$!
{
	archiveVersion = 1;
	classes = {
	};
	objectVersion = 46;
	objects = {

/* Begin PBXBuildFile section */
		A11D05381E0EB74B0066DC17 /* Assets.xcassets in Resources */ = {isa = PBXBuildFile; fileRef = A11D05311E0EB74B0066DC17 /* Assets.xcassets */; };
		A11D05391E0EB74B0066DC17 /* Main.storyboard in Resources */ = {isa = PBXBuildFile; fileRef = A11D05321E0EB74B0066DC17 /* Main.storyboard */; };
		A11D053B1E0EB74B0066DC17 /* ViewController.swift in Sources */ = {isa = PBXBuildFile; fileRef = A11D05351E0EB74B0066DC17 /* ViewController.swift */; };
		A11D053C1E0EB74B0066DC17 /* WindowController.swift in Sources */ = {isa = PBXBuildFile; fileRef = A11D05361E0EB74B0066DC17 /* WindowController.swift */; };
		A127B2DD1E2231E00062A487 /* HockeySDK.framework in Frameworks */ = {isa = PBXBuildFile; fileRef = A127B2DC1E2231E00062A487 /* HockeySDK.framework */; };
		A127B2DE1E2231E00062A487 /* HockeySDK.framework in Embed Frameworks */ = {isa = PBXBuildFile; fileRef = A127B2DC1E2231E00062A487 /* HockeySDK.framework */; settings = {ATTRIBUTES = (CodeSignOnCopy, RemoveHeadersOnCopy, ); }; };
		A127B2E21E2231F40062A487 /* HockeySDK.framework.dSYM in Copy dSYM */ = {isa = PBXBuildFile; fileRef = A127B2E11E2231F40062A487 /* HockeySDK.framework.dSYM */; };
		A1470A161F8E54D800F70591 /* Alert.swift in Sources */ = {isa = PBXBuildFile; fileRef = A1470A151F8E54D800F70591 /* Alert.swift */; };
		A1470A181F8E555600F70591 /* NSAlert.swift in Sources */ = {isa = PBXBuildFile; fileRef = A1470A171F8E555600F70591 /* NSAlert.swift */; };
		A191ECBD1E4E376000B9CF9C /* Result.framework.dSYM in Copy dSYM */ = {isa = PBXBuildFile; fileRef = A191ECBC1E4E376000B9CF9C /* Result.framework.dSYM */; };
		A1BC03201E12C97600346870 /* AppDelegate.swift in Sources */ = {isa = PBXBuildFile; fileRef = A1BC031F1E12C97600346870 /* AppDelegate.swift */; };
		A1BC03231E12C9D200346870 /* CaptureVideoPreviewView.swift in Sources */ = {isa = PBXBuildFile; fileRef = A1BC03221E12C9D200346870 /* CaptureVideoPreviewView.swift */; };
		A1E85C6C1FAB4C1000B4CD07 /* RecorderError.swift in Sources */ = {isa = PBXBuildFile; fileRef = A1E85C3C1FAB4C1000B4CD07 /* RecorderError.swift */; };
		A1E85C6D1FAB4C1000B4CD07 /* Recorder.swift in Sources */ = {isa = PBXBuildFile; fileRef = A1E85C3E1FAB4C1000B4CD07 /* Recorder.swift */; };
		A1E85C6E1FAB4C1000B4CD07 /* Session.swift in Sources */ = {isa = PBXBuildFile; fileRef = A1E85C3F1FAB4C1000B4CD07 /* Session.swift */; };
		A1E85C6F1FAB4C1000B4CD07 /* Recording.swift in Sources */ = {isa = PBXBuildFile; fileRef = A1E85C401FAB4C1000B4CD07 /* Recording.swift */; };
		A1E85C701FAB4C1000B4CD07 /* CaptureError.swift in Sources */ = {isa = PBXBuildFile; fileRef = A1E85C411FAB4C1000B4CD07 /* CaptureError.swift */; };
		A1E85C711FAB4C1000B4CD07 /* Device.swift in Sources */ = {isa = PBXBuildFile; fileRef = A1E85C421FAB4C1000B4CD07 /* Device.swift */; };
		A1E85C721FAB4C1000B4CD07 /* Composable.swift in Sources */ = {isa = PBXBuildFile; fileRef = A1E85C441FAB4C1000B4CD07 /* Composable.swift */; };
		A1E85C731FAB4C1000B4CD07 /* Composition.swift in Sources */ = {isa = PBXBuildFile; fileRef = A1E85C451FAB4C1000B4CD07 /* Composition.swift */; };
		A1E85C741FAB4C1000B4CD07 /* ComposeError.swift in Sources */ = {isa = PBXBuildFile; fileRef = A1E85C461FAB4C1000B4CD07 /* ComposeError.swift */; };
		A1E85C751FAB4C1000B4CD07 /* Compose.swift in Sources */ = {isa = PBXBuildFile; fileRef = A1E85C471FAB4C1000B4CD07 /* Compose.swift */; };
		A1E85C761FAB4C1000B4CD07 /* Exportable.swift in Sources */ = {isa = PBXBuildFile; fileRef = A1E85C491FAB4C1000B4CD07 /* Exportable.swift */; };
		A1E85C771FAB4C1000B4CD07 /* Export.swift in Sources */ = {isa = PBXBuildFile; fileRef = A1E85C4A1FAB4C1000B4CD07 /* Export.swift */; };
		A1E85C781FAB4C1000B4CD07 /* ExportError.swift in Sources */ = {isa = PBXBuildFile; fileRef = A1E85C4B1FAB4C1000B4CD07 /* ExportError.swift */; };
		A1E85C791FAB4C1000B4CD07 /* Movie.swift in Sources */ = {isa = PBXBuildFile; fileRef = A1E85C4D1FAB4C1000B4CD07 /* Movie.swift */; };
		A1E85C7A1FAB4C1000B4CD07 /* Screen.swift in Sources */ = {isa = PBXBuildFile; fileRef = A1E85C4E1FAB4C1000B4CD07 /* Screen.swift */; };
		A1E85C7B1FAB4C1000B4CD07 /* Asset.swift in Sources */ = {isa = PBXBuildFile; fileRef = A1E85C4F1FAB4C1000B4CD07 /* Asset.swift */; };
		A1E85C7C1FAB4C1000B4CD07 /* Audio.swift in Sources */ = {isa = PBXBuildFile; fileRef = A1E85C501FAB4C1000B4CD07 /* Audio.swift */; };
		A1E85C7D1FAB4C1000B4CD07 /* Video.swift in Sources */ = {isa = PBXBuildFile; fileRef = A1E85C511FAB4C1000B4CD07 /* Video.swift */; };
		A1E85C811FAB4C1000B4CD07 /* CMPersistentTrackID.swift in Sources */ = {isa = PBXBuildFile; fileRef = A1E85C591FAB4C1000B4CD07 /* CMPersistentTrackID.swift */; };
		A1E85C821FAB4C1000B4CD07 /* CGDirectDisplayID.swift in Sources */ = {isa = PBXBuildFile; fileRef = A1E85C5A1FAB4C1000B4CD07 /* CGDirectDisplayID.swift */; };
		A1E85C831FAB4C1000B4CD07 /* FileManager.swift in Sources */ = {isa = PBXBuildFile; fileRef = A1E85C5B1FAB4C1000B4CD07 /* FileManager.swift */; };
		A1E85C841FAB4C1000B4CD07 /* AVCaptureSession.swift in Sources */ = {isa = PBXBuildFile; fileRef = A1E85C5C1FAB4C1000B4CD07 /* AVCaptureSession.swift */; };
		A1E85C851FAB4C1000B4CD07 /* AVError.swift in Sources */ = {isa = PBXBuildFile; fileRef = A1E85C5D1FAB4C1000B4CD07 /* AVError.swift */; };
		A1E85C861FAB4C1000B4CD07 /* CMTime.swift in Sources */ = {isa = PBXBuildFile; fileRef = A1E85C5E1FAB4C1000B4CD07 /* CMTime.swift */; };
		A1E85C871FAB4C1000B4CD07 /* Bool.swift in Sources */ = {isa = PBXBuildFile; fileRef = A1E85C5F1FAB4C1000B4CD07 /* Bool.swift */; };
		A1E85C8A1FAB4C1000B4CD07 /* Curry.swift in Sources */ = {isa = PBXBuildFile; fileRef = A1E85C641FAB4C1000B4CD07 /* Curry.swift */; };
		A1E85C8B1FAB4C1000B4CD07 /* Result.swift in Sources */ = {isa = PBXBuildFile; fileRef = A1E85C651FAB4C1000B4CD07 /* Result.swift */; };
		A1E85C8C1FAB4C1000B4CD07 /* PrecedenceGroups.swift in Sources */ = {isa = PBXBuildFile; fileRef = A1E85C661FAB4C1000B4CD07 /* PrecedenceGroups.swift */; };
		A1E85C8D1FAB4C1000B4CD07 /* Operators.swift in Sources */ = {isa = PBXBuildFile; fileRef = A1E85C671FAB4C1000B4CD07 /* Operators.swift */; };
		A1E85C8E1FAB4C1000B4CD07 /* Parallel.swift in Sources */ = {isa = PBXBuildFile; fileRef = A1E85C681FAB4C1000B4CD07 /* Parallel.swift */; };
		A1E85C8F1FAB4C1000B4CD07 /* Tuple.swift in Sources */ = {isa = PBXBuildFile; fileRef = A1E85C691FAB4C1000B4CD07 /* Tuple.swift */; };
		A1E85C901FAB4C1000B4CD07 /* Function.swift in Sources */ = {isa = PBXBuildFile; fileRef = A1E85C6A1FAB4C1000B4CD07 /* Function.swift */; };
		A1E85C911FAB4C1000B4CD07 /* Optional.swift in Sources */ = {isa = PBXBuildFile; fileRef = A1E85C6B1FAB4C1000B4CD07 /* Optional.swift */; };
		A1E85C931FAB51B000B4CD07 /* NSSavePanel.swift in Sources */ = {isa = PBXBuildFile; fileRef = A1E85C921FAB51B000B4CD07 /* NSSavePanel.swift */; };
		A1E85C951FAB534900B4CD07 /* SaveError.swift in Sources */ = {isa = PBXBuildFile; fileRef = A1E85C941FAB534900B4CD07 /* SaveError.swift */; };
		A1E85C971FAB613600B4CD07 /* AlertConvertible.swift in Sources */ = {isa = PBXBuildFile; fileRef = A1E85C961FAB613600B4CD07 /* AlertConvertible.swift */; };
		A1E85C991FAB616600B4CD07 /* RecorderError+Letters.swift in Sources */ = {isa = PBXBuildFile; fileRef = A1E85C981FAB616600B4CD07 /* RecorderError+Letters.swift */; };
/* End PBXBuildFile section */

/* Begin PBXCopyFilesBuildPhase section */
		A127B2DF1E2231E00062A487 /* Embed Frameworks */ = {
			isa = PBXCopyFilesBuildPhase;
			buildActionMask = 2147483647;
			dstPath = "";
			dstSubfolderSpec = 10;
			files = (
				A127B2DE1E2231E00062A487 /* HockeySDK.framework in Embed Frameworks */,
			);
			name = "Embed Frameworks";
			runOnlyForDeploymentPostprocessing = 0;
		};
		A127B2E01E2231E60062A487 /* Copy dSYM */ = {
			isa = PBXCopyFilesBuildPhase;
			buildActionMask = 2147483647;
			dstPath = "";
			dstSubfolderSpec = 16;
			files = (
				A191ECBD1E4E376000B9CF9C /* Result.framework.dSYM in Copy dSYM */,
				A127B2E21E2231F40062A487 /* HockeySDK.framework.dSYM in Copy dSYM */,
			);
			name = "Copy dSYM";
			runOnlyForDeploymentPostprocessing = 0;
		};
/* End PBXCopyFilesBuildPhase section */

/* Begin PBXFileReference section */
		A11D05311E0EB74B0066DC17 /* Assets.xcassets */ = {isa = PBXFileReference; lastKnownFileType = folder.assetcatalog; path = Assets.xcassets; sourceTree = "<group>"; };
		A11D05331E0EB74B0066DC17 /* Base */ = {isa = PBXFileReference; lastKnownFileType = file.storyboard; name = Base; path = Base.lproj/Main.storyboard; sourceTree = "<group>"; };
		A11D05341E0EB74B0066DC17 /* Info.plist */ = {isa = PBXFileReference; fileEncoding = 4; lastKnownFileType = text.plist.xml; path = Info.plist; sourceTree = "<group>"; };
		A11D05351E0EB74B0066DC17 /* ViewController.swift */ = {isa = PBXFileReference; fileEncoding = 4; lastKnownFileType = sourcecode.swift; name = ViewController.swift; path = Sources/ViewControllers/ViewController.swift; sourceTree = SOURCE_ROOT; };
		A11D05361E0EB74B0066DC17 /* WindowController.swift */ = {isa = PBXFileReference; fileEncoding = 4; lastKnownFileType = sourcecode.swift; name = WindowController.swift; path = Sources/ViewControllers/WindowController.swift; sourceTree = SOURCE_ROOT; };
		A127B2DC1E2231E00062A487 /* HockeySDK.framework */ = {isa = PBXFileReference; lastKnownFileType = wrapper.framework; name = HockeySDK.framework; path = Carthage/Build/Mac/HockeySDK.framework; sourceTree = "<group>"; };
		A127B2E11E2231F40062A487 /* HockeySDK.framework.dSYM */ = {isa = PBXFileReference; lastKnownFileType = wrapper.dsym; name = HockeySDK.framework.dSYM; path = Carthage/Build/Mac/HockeySDK.framework.dSYM; sourceTree = "<group>"; };
		A13B44FB1E0EADFF009AF340 /* Letters.app */ = {isa = PBXFileReference; explicitFileType = wrapper.application; includeInIndex = 0; path = Letters.app; sourceTree = BUILT_PRODUCTS_DIR; };
		A1470A151F8E54D800F70591 /* Alert.swift */ = {isa = PBXFileReference; lastKnownFileType = sourcecode.swift; path = Alert.swift; sourceTree = "<group>"; };
		A1470A171F8E555600F70591 /* NSAlert.swift */ = {isa = PBXFileReference; lastKnownFileType = sourcecode.swift; path = NSAlert.swift; sourceTree = "<group>"; };
		A17F7A091E47BAF000004AA0 /* Nimble.framework */ = {isa = PBXFileReference; lastKnownFileType = wrapper.framework; name = Nimble.framework; path = Carthage/Build/Mac/Nimble.framework; sourceTree = "<group>"; };
		A17F7A0A1E47BAF000004AA0 /* Quick.framework */ = {isa = PBXFileReference; lastKnownFileType = wrapper.framework; name = Quick.framework; path = Carthage/Build/Mac/Quick.framework; sourceTree = "<group>"; };
		A191ECBA1E4E375500B9CF9C /* Result.framework */ = {isa = PBXFileReference; lastKnownFileType = wrapper.framework; name = Result.framework; path = Carthage/Build/Mac/Result.framework; sourceTree = "<group>"; };
		A191ECBC1E4E376000B9CF9C /* Result.framework.dSYM */ = {isa = PBXFileReference; lastKnownFileType = wrapper.dsym; name = Result.framework.dSYM; path = Carthage/Build/Mac/Result.framework.dSYM; sourceTree = "<group>"; };
		A191ECBF1E4E3A4500B9CF9C /* Nimble.framework */ = {isa = PBXFileReference; lastKnownFileType = wrapper.framework; name = Nimble.framework; path = Carthage/Build/Mac/Nimble.framework; sourceTree = "<group>"; };
		A191ECC01E4E3A4500B9CF9C /* Quick.framework */ = {isa = PBXFileReference; lastKnownFileType = wrapper.framework; name = Quick.framework; path = Carthage/Build/Mac/Quick.framework; sourceTree = "<group>"; };
		A1B5C1F61E31E3B900AF9768 /* Letters.entitlements */ = {isa = PBXFileReference; fileEncoding = 4; lastKnownFileType = text.plist.entitlements; path = Letters.entitlements; sourceTree = "<group>"; };
		A1BC031F1E12C97600346870 /* AppDelegate.swift */ = {isa = PBXFileReference; fileEncoding = 4; lastKnownFileType = sourcecode.swift; name = AppDelegate.swift; path = Sources/Coordinators/AppDelegate.swift; sourceTree = SOURCE_ROOT; };
		A1BC03221E12C9D200346870 /* CaptureVideoPreviewView.swift */ = {isa = PBXFileReference; fileEncoding = 4; lastKnownFileType = sourcecode.swift; path = CaptureVideoPreviewView.swift; sourceTree = "<group>"; };
		A1E85C3C1FAB4C1000B4CD07 /* RecorderError.swift */ = {isa = PBXFileReference; fileEncoding = 4; lastKnownFileType = sourcecode.swift; path = RecorderError.swift; sourceTree = "<group>"; };
		A1E85C3E1FAB4C1000B4CD07 /* Recorder.swift */ = {isa = PBXFileReference; fileEncoding = 4; lastKnownFileType = sourcecode.swift; path = Recorder.swift; sourceTree = "<group>"; };
		A1E85C3F1FAB4C1000B4CD07 /* Session.swift */ = {isa = PBXFileReference; fileEncoding = 4; lastKnownFileType = sourcecode.swift; path = Session.swift; sourceTree = "<group>"; };
		A1E85C401FAB4C1000B4CD07 /* Recording.swift */ = {isa = PBXFileReference; fileEncoding = 4; lastKnownFileType = sourcecode.swift; path = Recording.swift; sourceTree = "<group>"; };
		A1E85C411FAB4C1000B4CD07 /* CaptureError.swift */ = {isa = PBXFileReference; fileEncoding = 4; lastKnownFileType = sourcecode.swift; path = CaptureError.swift; sourceTree = "<group>"; };
		A1E85C421FAB4C1000B4CD07 /* Device.swift */ = {isa = PBXFileReference; fileEncoding = 4; lastKnownFileType = sourcecode.swift; path = Device.swift; sourceTree = "<group>"; };
		A1E85C441FAB4C1000B4CD07 /* Composable.swift */ = {isa = PBXFileReference; fileEncoding = 4; lastKnownFileType = sourcecode.swift; path = Composable.swift; sourceTree = "<group>"; };
		A1E85C451FAB4C1000B4CD07 /* Composition.swift */ = {isa = PBXFileReference; fileEncoding = 4; lastKnownFileType = sourcecode.swift; path = Composition.swift; sourceTree = "<group>"; };
		A1E85C461FAB4C1000B4CD07 /* ComposeError.swift */ = {isa = PBXFileReference; fileEncoding = 4; lastKnownFileType = sourcecode.swift; path = ComposeError.swift; sourceTree = "<group>"; };
		A1E85C471FAB4C1000B4CD07 /* Compose.swift */ = {isa = PBXFileReference; fileEncoding = 4; lastKnownFileType = sourcecode.swift; path = Compose.swift; sourceTree = "<group>"; };
		A1E85C491FAB4C1000B4CD07 /* Exportable.swift */ = {isa = PBXFileReference; fileEncoding = 4; lastKnownFileType = sourcecode.swift; path = Exportable.swift; sourceTree = "<group>"; };
		A1E85C4A1FAB4C1000B4CD07 /* Export.swift */ = {isa = PBXFileReference; fileEncoding = 4; lastKnownFileType = sourcecode.swift; path = Export.swift; sourceTree = "<group>"; };
		A1E85C4B1FAB4C1000B4CD07 /* ExportError.swift */ = {isa = PBXFileReference; fileEncoding = 4; lastKnownFileType = sourcecode.swift; path = ExportError.swift; sourceTree = "<group>"; };
		A1E85C4D1FAB4C1000B4CD07 /* Movie.swift */ = {isa = PBXFileReference; fileEncoding = 4; lastKnownFileType = sourcecode.swift; path = Movie.swift; sourceTree = "<group>"; };
		A1E85C4E1FAB4C1000B4CD07 /* Screen.swift */ = {isa = PBXFileReference; fileEncoding = 4; lastKnownFileType = sourcecode.swift; path = Screen.swift; sourceTree = "<group>"; };
		A1E85C4F1FAB4C1000B4CD07 /* Asset.swift */ = {isa = PBXFileReference; fileEncoding = 4; lastKnownFileType = sourcecode.swift; path = Asset.swift; sourceTree = "<group>"; };
		A1E85C501FAB4C1000B4CD07 /* Audio.swift */ = {isa = PBXFileReference; fileEncoding = 4; lastKnownFileType = sourcecode.swift; path = Audio.swift; sourceTree = "<group>"; };
		A1E85C511FAB4C1000B4CD07 /* Video.swift */ = {isa = PBXFileReference; fileEncoding = 4; lastKnownFileType = sourcecode.swift; path = Video.swift; sourceTree = "<group>"; };
		A1E85C591FAB4C1000B4CD07 /* CMPersistentTrackID.swift */ = {isa = PBXFileReference; fileEncoding = 4; lastKnownFileType = sourcecode.swift; path = CMPersistentTrackID.swift; sourceTree = "<group>"; };
		A1E85C5A1FAB4C1000B4CD07 /* CGDirectDisplayID.swift */ = {isa = PBXFileReference; fileEncoding = 4; lastKnownFileType = sourcecode.swift; path = CGDirectDisplayID.swift; sourceTree = "<group>"; };
		A1E85C5B1FAB4C1000B4CD07 /* FileManager.swift */ = {isa = PBXFileReference; fileEncoding = 4; lastKnownFileType = sourcecode.swift; path = FileManager.swift; sourceTree = "<group>"; };
		A1E85C5C1FAB4C1000B4CD07 /* AVCaptureSession.swift */ = {isa = PBXFileReference; fileEncoding = 4; lastKnownFileType = sourcecode.swift; path = AVCaptureSession.swift; sourceTree = "<group>"; };
		A1E85C5D1FAB4C1000B4CD07 /* AVError.swift */ = {isa = PBXFileReference; fileEncoding = 4; lastKnownFileType = sourcecode.swift; path = AVError.swift; sourceTree = "<group>"; };
		A1E85C5E1FAB4C1000B4CD07 /* CMTime.swift */ = {isa = PBXFileReference; fileEncoding = 4; lastKnownFileType = sourcecode.swift; path = CMTime.swift; sourceTree = "<group>"; };
		A1E85C5F1FAB4C1000B4CD07 /* Bool.swift */ = {isa = PBXFileReference; fileEncoding = 4; lastKnownFileType = sourcecode.swift; path = Bool.swift; sourceTree = "<group>"; };
		A1E85C641FAB4C1000B4CD07 /* Curry.swift */ = {isa = PBXFileReference; fileEncoding = 4; lastKnownFileType = sourcecode.swift; path = Curry.swift; sourceTree = "<group>"; };
		A1E85C651FAB4C1000B4CD07 /* Result.swift */ = {isa = PBXFileReference; fileEncoding = 4; lastKnownFileType = sourcecode.swift; path = Result.swift; sourceTree = "<group>"; };
		A1E85C661FAB4C1000B4CD07 /* PrecedenceGroups.swift */ = {isa = PBXFileReference; fileEncoding = 4; lastKnownFileType = sourcecode.swift; path = PrecedenceGroups.swift; sourceTree = "<group>"; };
		A1E85C671FAB4C1000B4CD07 /* Operators.swift */ = {isa = PBXFileReference; fileEncoding = 4; lastKnownFileType = sourcecode.swift; path = Operators.swift; sourceTree = "<group>"; };
		A1E85C681FAB4C1000B4CD07 /* Parallel.swift */ = {isa = PBXFileReference; fileEncoding = 4; lastKnownFileType = sourcecode.swift; path = Parallel.swift; sourceTree = "<group>"; };
		A1E85C691FAB4C1000B4CD07 /* Tuple.swift */ = {isa = PBXFileReference; fileEncoding = 4; lastKnownFileType = sourcecode.swift; path = Tuple.swift; sourceTree = "<group>"; };
		A1E85C6A1FAB4C1000B4CD07 /* Function.swift */ = {isa = PBXFileReference; fileEncoding = 4; lastKnownFileType = sourcecode.swift; path = Function.swift; sourceTree = "<group>"; };
		A1E85C6B1FAB4C1000B4CD07 /* Optional.swift */ = {isa = PBXFileReference; fileEncoding = 4; lastKnownFileType = sourcecode.swift; path = Optional.swift; sourceTree = "<group>"; };
		A1E85C921FAB51B000B4CD07 /* NSSavePanel.swift */ = {isa = PBXFileReference; lastKnownFileType = sourcecode.swift; path = NSSavePanel.swift; sourceTree = "<group>"; };
		A1E85C941FAB534900B4CD07 /* SaveError.swift */ = {isa = PBXFileReference; lastKnownFileType = sourcecode.swift; path = SaveError.swift; sourceTree = "<group>"; };
		A1E85C961FAB613600B4CD07 /* AlertConvertible.swift */ = {isa = PBXFileReference; lastKnownFileType = sourcecode.swift; path = AlertConvertible.swift; sourceTree = "<group>"; };
		A1E85C981FAB616600B4CD07 /* RecorderError+Letters.swift */ = {isa = PBXFileReference; lastKnownFileType = sourcecode.swift; path = "RecorderError+Letters.swift"; sourceTree = "<group>"; };
/* End PBXFileReference section */

/* Begin PBXFrameworksBuildPhase section */
		A13B44F81E0EADFF009AF340 /* Frameworks */ = {
			isa = PBXFrameworksBuildPhase;
			buildActionMask = 2147483647;
			files = (
				A127B2DD1E2231E00062A487 /* HockeySDK.framework in Frameworks */,
			);
			runOnlyForDeploymentPostprocessing = 0;
		};
/* End PBXFrameworksBuildPhase section */

/* Begin PBXGroup section */
		A11D05301E0EB74B0066DC17 /* Resources */ = {
			isa = PBXGroup;
			children = (
				A11D05311E0EB74B0066DC17 /* Assets.xcassets */,
				A11D05341E0EB74B0066DC17 /* Info.plist */,
				A1B5C1F61E31E3B900AF9768 /* Letters.entitlements */,
				A11D05321E0EB74B0066DC17 /* Main.storyboard */,
			);
			path = Resources;
			sourceTree = "<group>";
		};
		A127B2D91E2231BD0062A487 /* Frameworks */ = {
			isa = PBXGroup;
			children = (
				A127B2DC1E2231E00062A487 /* HockeySDK.framework */,
				A127B2E11E2231F40062A487 /* HockeySDK.framework.dSYM */,
				A191ECBF1E4E3A4500B9CF9C /* Nimble.framework */,
				A191ECC01E4E3A4500B9CF9C /* Quick.framework */,
				A17F7A091E47BAF000004AA0 /* Nimble.framework */,
				A17F7A0A1E47BAF000004AA0 /* Quick.framework */,
				A191ECBA1E4E375500B9CF9C /* Result.framework */,
				A191ECBC1E4E376000B9CF9C /* Result.framework.dSYM */,
			);
			name = Frameworks;
			sourceTree = "<group>";
		};
		A13B44F21E0EADFF009AF340 = {
			isa = PBXGroup;
			children = (
				A13B44FD1E0EADFF009AF340 /* Sources */,
				A13B44FC1E0EADFF009AF340 /* Products */,
				A127B2D91E2231BD0062A487 /* Frameworks */,
			);
			sourceTree = "<group>";
		};
		A13B44FC1E0EADFF009AF340 /* Products */ = {
			isa = PBXGroup;
			children = (
				A13B44FB1E0EADFF009AF340 /* Letters.app */,
			);
			name = Products;
			sourceTree = "<group>";
		};
		A13B44FD1E0EADFF009AF340 /* Sources */ = {
			isa = PBXGroup;
			children = (
				A1E85C3A1FAB4C1000B4CD07 /* Recorder */,
				A1BC031E1E12C95900346870 /* Coordinators */,
				A1470A191F8E556E00F70591 /* Extensions */,
				A11D05301E0EB74B0066DC17 /* Resources */,
				A191ECB31E4E326A00B9CF9C /* Types */,
				A1BC03241E12C9D600346870 /* ViewControllers */,
				A1BC03211E12C97A00346870 /* Views */,
			);
			path = Sources;
			sourceTree = "<group>";
		};
		A1470A191F8E556E00F70591 /* Extensions */ = {
			isa = PBXGroup;
			children = (
				A1470A171F8E555600F70591 /* NSAlert.swift */,
				A1E85C921FAB51B000B4CD07 /* NSSavePanel.swift */,
				A1E85C981FAB616600B4CD07 /* RecorderError+Letters.swift */,
			);
			path = Extensions;
			sourceTree = "<group>";
		};
		A191ECB31E4E326A00B9CF9C /* Types */ = {
			isa = PBXGroup;
			children = (
				A1470A151F8E54D800F70591 /* Alert.swift */,
				A1E85C941FAB534900B4CD07 /* SaveError.swift */,
				A1E85C961FAB613600B4CD07 /* AlertConvertible.swift */,
			);
			path = Types;
			sourceTree = "<group>";
		};
		A1BC031E1E12C95900346870 /* Coordinators */ = {
			isa = PBXGroup;
			children = (
				A1BC031F1E12C97600346870 /* AppDelegate.swift */,
			);
			path = Coordinators;
			sourceTree = "<group>";
		};
		A1BC03211E12C97A00346870 /* Views */ = {
			isa = PBXGroup;
			children = (
				A1BC03221E12C9D200346870 /* CaptureVideoPreviewView.swift */,
			);
			path = Views;
			sourceTree = "<group>";
		};
		A1BC03241E12C9D600346870 /* ViewControllers */ = {
			isa = PBXGroup;
			children = (
				A11D05361E0EB74B0066DC17 /* WindowController.swift */,
				A11D05351E0EB74B0066DC17 /* ViewController.swift */,
			);
			path = ViewControllers;
			sourceTree = "<group>";
		};
		A1E85C3A1FAB4C1000B4CD07 /* Recorder */ = {
			isa = PBXGroup;
			children = (
				A1E85C3B1FAB4C1000B4CD07 /* Types */,
				A1E85C581FAB4C1000B4CD07 /* Extensions */,
				A1E85C631FAB4C1000B4CD07 /* Prelude */,
			);
			path = Recorder;
			sourceTree = "<group>";
		};
		A1E85C3B1FAB4C1000B4CD07 /* Types */ = {
			isa = PBXGroup;
			children = (
				A1E85C3C1FAB4C1000B4CD07 /* RecorderError.swift */,
				A1E85C3D1FAB4C1000B4CD07 /* Record */,
				A1E85C431FAB4C1000B4CD07 /* Compose */,
				A1E85C481FAB4C1000B4CD07 /* Export */,
				A1E85C4C1FAB4C1000B4CD07 /* Media */,
			);
			path = Types;
			sourceTree = "<group>";
		};
		A1E85C3D1FAB4C1000B4CD07 /* Record */ = {
			isa = PBXGroup;
			children = (
				A1E85C3E1FAB4C1000B4CD07 /* Recorder.swift */,
				A1E85C3F1FAB4C1000B4CD07 /* Session.swift */,
				A1E85C401FAB4C1000B4CD07 /* Recording.swift */,
				A1E85C411FAB4C1000B4CD07 /* CaptureError.swift */,
				A1E85C421FAB4C1000B4CD07 /* Device.swift */,
			);
			path = Record;
			sourceTree = "<group>";
		};
		A1E85C431FAB4C1000B4CD07 /* Compose */ = {
			isa = PBXGroup;
			children = (
				A1E85C441FAB4C1000B4CD07 /* Composable.swift */,
				A1E85C451FAB4C1000B4CD07 /* Composition.swift */,
				A1E85C461FAB4C1000B4CD07 /* ComposeError.swift */,
				A1E85C471FAB4C1000B4CD07 /* Compose.swift */,
			);
			path = Compose;
			sourceTree = "<group>";
		};
		A1E85C481FAB4C1000B4CD07 /* Export */ = {
			isa = PBXGroup;
			children = (
				A1E85C491FAB4C1000B4CD07 /* Exportable.swift */,
				A1E85C4A1FAB4C1000B4CD07 /* Export.swift */,
				A1E85C4B1FAB4C1000B4CD07 /* ExportError.swift */,
			);
			path = Export;
			sourceTree = "<group>";
		};
		A1E85C4C1FAB4C1000B4CD07 /* Media */ = {
			isa = PBXGroup;
			children = (
				A1E85C4D1FAB4C1000B4CD07 /* Movie.swift */,
				A1E85C4E1FAB4C1000B4CD07 /* Screen.swift */,
				A1E85C4F1FAB4C1000B4CD07 /* Asset.swift */,
				A1E85C501FAB4C1000B4CD07 /* Audio.swift */,
				A1E85C511FAB4C1000B4CD07 /* Video.swift */,
			);
			path = Media;
			sourceTree = "<group>";
		};
		A1E85C581FAB4C1000B4CD07 /* Extensions */ = {
			isa = PBXGroup;
			children = (
				A1E85C591FAB4C1000B4CD07 /* CMPersistentTrackID.swift */,
				A1E85C5A1FAB4C1000B4CD07 /* CGDirectDisplayID.swift */,
				A1E85C5B1FAB4C1000B4CD07 /* FileManager.swift */,
				A1E85C5C1FAB4C1000B4CD07 /* AVCaptureSession.swift */,
				A1E85C5D1FAB4C1000B4CD07 /* AVError.swift */,
				A1E85C5E1FAB4C1000B4CD07 /* CMTime.swift */,
				A1E85C5F1FAB4C1000B4CD07 /* Bool.swift */,
			);
			path = Extensions;
			sourceTree = "<group>";
		};
		A1E85C631FAB4C1000B4CD07 /* Prelude */ = {
			isa = PBXGroup;
			children = (
				A1E85C641FAB4C1000B4CD07 /* Curry.swift */,
				A1E85C651FAB4C1000B4CD07 /* Result.swift */,
				A1E85C661FAB4C1000B4CD07 /* PrecedenceGroups.swift */,
				A1E85C671FAB4C1000B4CD07 /* Operators.swift */,
				A1E85C681FAB4C1000B4CD07 /* Parallel.swift */,
				A1E85C691FAB4C1000B4CD07 /* Tuple.swift */,
				A1E85C6A1FAB4C1000B4CD07 /* Function.swift */,
				A1E85C6B1FAB4C1000B4CD07 /* Optional.swift */,
			);
			path = Prelude;
			sourceTree = "<group>";
		};
/* End PBXGroup section */

/* Begin PBXNativeTarget section */
		A13B44FA1E0EADFF009AF340 /* Letters */ = {
			isa = PBXNativeTarget;
			buildConfigurationList = A13B450A1E0EAE00009AF340 /* Build configuration list for PBXNativeTarget "Letters" */;
			buildPhases = (
				A13B44F71E0EADFF009AF340 /* Sources */,
				A13B44F81E0EADFF009AF340 /* Frameworks */,
				A13B44F91E0EADFF009AF340 /* Resources */,
				A127B2DF1E2231E00062A487 /* Embed Frameworks */,
				A127B2E01E2231E60062A487 /* Copy dSYM */,
			);
			buildRules = (
			);
			dependencies = (
			);
			name = Letters;
			productName = Letters;
			productReference = A13B44FB1E0EADFF009AF340 /* Letters.app */;
			productType = "com.apple.product-type.application";
		};
/* End PBXNativeTarget section */

/* Begin PBXProject section */
		A13B44F31E0EADFF009AF340 /* Project object */ = {
			isa = PBXProject;
			attributes = {
				LastSwiftUpdateCheck = 0820;
				LastUpgradeCheck = 0900;
				ORGANIZATIONNAME = annema;
				TargetAttributes = {
					A13B44FA1E0EADFF009AF340 = {
						CreatedOnToolsVersion = 8.2;
						DevelopmentTeam = 7T5ZNLTMSK;
						LastSwiftMigration = 0920;
						ProvisioningStyle = Automatic;
						SystemCapabilities = {
							com.apple.Sandbox = {
								enabled = 1;
							};
						};
					};
				};
			};
			buildConfigurationList = A13B44F61E0EADFF009AF340 /* Build configuration list for PBXProject "Letters" */;
			compatibilityVersion = "Xcode 3.2";
			developmentRegion = English;
			hasScannedForEncodings = 0;
			knownRegions = (
				en,
				Base,
			);
			mainGroup = A13B44F21E0EADFF009AF340;
			productRefGroup = A13B44FC1E0EADFF009AF340 /* Products */;
			projectDirPath = "";
			projectRoot = "";
			targets = (
				A13B44FA1E0EADFF009AF340 /* Letters */,
			);
		};
/* End PBXProject section */

/* Begin PBXResourcesBuildPhase section */
		A13B44F91E0EADFF009AF340 /* Resources */ = {
			isa = PBXResourcesBuildPhase;
			buildActionMask = 2147483647;
			files = (
				A11D05381E0EB74B0066DC17 /* Assets.xcassets in Resources */,
				A11D05391E0EB74B0066DC17 /* Main.storyboard in Resources */,
			);
			runOnlyForDeploymentPostprocessing = 0;
		};
/* End PBXResourcesBuildPhase section */

/* Begin PBXSourcesBuildPhase section */
		A13B44F71E0EADFF009AF340 /* Sources */ = {
			isa = PBXSourcesBuildPhase;
			buildActionMask = 2147483647;
			files = (
				A1E85C701FAB4C1000B4CD07 /* CaptureError.swift in Sources */,
				A1E85C6C1FAB4C1000B4CD07 /* RecorderError.swift in Sources */,
				A1E85C761FAB4C1000B4CD07 /* Exportable.swift in Sources */,
				A1BC03231E12C9D200346870 /* CaptureVideoPreviewView.swift in Sources */,
				A1E85C711FAB4C1000B4CD07 /* Device.swift in Sources */,
				A1BC03201E12C97600346870 /* AppDelegate.swift in Sources */,
				A1E85C8F1FAB4C1000B4CD07 /* Tuple.swift in Sources */,
				A1E85C991FAB616600B4CD07 /* RecorderError+Letters.swift in Sources */,
				A11D053B1E0EB74B0066DC17 /* ViewController.swift in Sources */,
				A1E85C721FAB4C1000B4CD07 /* Composable.swift in Sources */,
				A1E85C8A1FAB4C1000B4CD07 /* Curry.swift in Sources */,
				A1E85C741FAB4C1000B4CD07 /* ComposeError.swift in Sources */,
				A1E85C8D1FAB4C1000B4CD07 /* Operators.swift in Sources */,
				A1E85C931FAB51B000B4CD07 /* NSSavePanel.swift in Sources */,
				A1E85C8B1FAB4C1000B4CD07 /* Result.swift in Sources */,
				A11D053C1E0EB74B0066DC17 /* WindowController.swift in Sources */,
				A1E85C731FAB4C1000B4CD07 /* Composition.swift in Sources */,
				A1470A161F8E54D800F70591 /* Alert.swift in Sources */,
				A1470A181F8E555600F70591 /* NSAlert.swift in Sources */,
				A1E85C7D1FAB4C1000B4CD07 /* Video.swift in Sources */,
				A1E85C821FAB4C1000B4CD07 /* CGDirectDisplayID.swift in Sources */,
				A1E85C971FAB613600B4CD07 /* AlertConvertible.swift in Sources */,
				A1E85C831FAB4C1000B4CD07 /* FileManager.swift in Sources */,
				A1E85C811FAB4C1000B4CD07 /* CMPersistentTrackID.swift in Sources */,
				A1E85C6D1FAB4C1000B4CD07 /* Recorder.swift in Sources */,
				A1E85C7B1FAB4C1000B4CD07 /* Asset.swift in Sources */,
				A1E85C7A1FAB4C1000B4CD07 /* Screen.swift in Sources */,
				A1E85C911FAB4C1000B4CD07 /* Optional.swift in Sources */,
				A1E85C841FAB4C1000B4CD07 /* AVCaptureSession.swift in Sources */,
				A1E85C8E1FAB4C1000B4CD07 /* Parallel.swift in Sources */,
				A1E85C791FAB4C1000B4CD07 /* Movie.swift in Sources */,
				A1E85C851FAB4C1000B4CD07 /* AVError.swift in Sources */,
				A1E85C6E1FAB4C1000B4CD07 /* Session.swift in Sources */,
				A1E85C781FAB4C1000B4CD07 /* ExportError.swift in Sources */,
				A1E85C751FAB4C1000B4CD07 /* Compose.swift in Sources */,
				A1E85C7C1FAB4C1000B4CD07 /* Audio.swift in Sources */,
				A1E85C8C1FAB4C1000B4CD07 /* PrecedenceGroups.swift in Sources */,
				A1E85C6F1FAB4C1000B4CD07 /* Recording.swift in Sources */,
				A1E85C861FAB4C1000B4CD07 /* CMTime.swift in Sources */,
				A1E85C771FAB4C1000B4CD07 /* Export.swift in Sources */,
				A1E85C951FAB534900B4CD07 /* SaveError.swift in Sources */,
				A1E85C871FAB4C1000B4CD07 /* Bool.swift in Sources */,
				A1E85C901FAB4C1000B4CD07 /* Function.swift in Sources */,
			);
			runOnlyForDeploymentPostprocessing = 0;
		};
/* End PBXSourcesBuildPhase section */

/* Begin PBXVariantGroup section */
		A11D05321E0EB74B0066DC17 /* Main.storyboard */ = {
			isa = PBXVariantGroup;
			children = (
				A11D05331E0EB74B0066DC17 /* Base */,
			);
			name = Main.storyboard;
			sourceTree = "<group>";
		};
/* End PBXVariantGroup section */

/* Begin XCBuildConfiguration section */
		A13B45081E0EAE00009AF340 /* Debug */ = {
			isa = XCBuildConfiguration;
			buildSettings = {
				ALWAYS_SEARCH_USER_PATHS = NO;
				CLANG_ANALYZER_NONNULL = YES;
				CLANG_CXX_LANGUAGE_STANDARD = "gnu++0x";
				CLANG_CXX_LIBRARY = "libc++";
				CLANG_ENABLE_MODULES = YES;
				CLANG_ENABLE_OBJC_ARC = YES;
				CLANG_WARN_BLOCK_CAPTURE_AUTORELEASING = YES;
				CLANG_WARN_BOOL_CONVERSION = YES;
				CLANG_WARN_COMMA = YES;
				CLANG_WARN_CONSTANT_CONVERSION = YES;
				CLANG_WARN_DIRECT_OBJC_ISA_USAGE = YES_ERROR;
				CLANG_WARN_DOCUMENTATION_COMMENTS = YES;
				CLANG_WARN_EMPTY_BODY = YES;
				CLANG_WARN_ENUM_CONVERSION = YES;
				CLANG_WARN_INFINITE_RECURSION = YES;
				CLANG_WARN_INT_CONVERSION = YES;
				CLANG_WARN_NON_LITERAL_NULL_CONVERSION = YES;
				CLANG_WARN_OBJC_LITERAL_CONVERSION = YES;
				CLANG_WARN_OBJC_ROOT_CLASS = YES_ERROR;
				CLANG_WARN_RANGE_LOOP_ANALYSIS = YES;
				CLANG_WARN_STRICT_PROTOTYPES = YES;
				CLANG_WARN_SUSPICIOUS_MOVE = YES;
				CLANG_WARN_UNREACHABLE_CODE = YES;
				CLANG_WARN__DUPLICATE_METHOD_MATCH = YES;
				CODE_SIGN_IDENTITY = "-";
				COPY_PHASE_STRIP = NO;
				DEBUG_INFORMATION_FORMAT = dwarf;
				ENABLE_STRICT_OBJC_MSGSEND = YES;
				ENABLE_TESTABILITY = YES;
				GCC_C_LANGUAGE_STANDARD = gnu99;
				GCC_DYNAMIC_NO_PIC = NO;
				GCC_NO_COMMON_BLOCKS = YES;
				GCC_OPTIMIZATION_LEVEL = 0;
				GCC_PREPROCESSOR_DEFINITIONS = (
					"DEBUG=1",
					"$(inherited)",
				);
				GCC_WARN_64_TO_32_BIT_CONVERSION = YES;
				GCC_WARN_ABOUT_RETURN_TYPE = YES_ERROR;
				GCC_WARN_UNDECLARED_SELECTOR = YES;
				GCC_WARN_UNINITIALIZED_AUTOS = YES_AGGRESSIVE;
				GCC_WARN_UNUSED_FUNCTION = YES;
				GCC_WARN_UNUSED_VARIABLE = YES;
				MACOSX_DEPLOYMENT_TARGET = 10.12;
				MTL_ENABLE_DEBUG_INFO = YES;
				ONLY_ACTIVE_ARCH = YES;
				SDKROOT = macosx;
				SWIFT_ACTIVE_COMPILATION_CONDITIONS = DEBUG;
				SWIFT_OPTIMIZATION_LEVEL = "-Onone";
			};
			name = Debug;
		};
		A13B45091E0EAE00009AF340 /* Release */ = {
			isa = XCBuildConfiguration;
			buildSettings = {
				ALWAYS_SEARCH_USER_PATHS = NO;
				CLANG_ANALYZER_NONNULL = YES;
				CLANG_CXX_LANGUAGE_STANDARD = "gnu++0x";
				CLANG_CXX_LIBRARY = "libc++";
				CLANG_ENABLE_MODULES = YES;
				CLANG_ENABLE_OBJC_ARC = YES;
				CLANG_WARN_BLOCK_CAPTURE_AUTORELEASING = YES;
				CLANG_WARN_BOOL_CONVERSION = YES;
				CLANG_WARN_COMMA = YES;
				CLANG_WARN_CONSTANT_CONVERSION = YES;
				CLANG_WARN_DIRECT_OBJC_ISA_USAGE = YES_ERROR;
				CLANG_WARN_DOCUMENTATION_COMMENTS = YES;
				CLANG_WARN_EMPTY_BODY = YES;
				CLANG_WARN_ENUM_CONVERSION = YES;
				CLANG_WARN_INFINITE_RECURSION = YES;
				CLANG_WARN_INT_CONVERSION = YES;
				CLANG_WARN_NON_LITERAL_NULL_CONVERSION = YES;
				CLANG_WARN_OBJC_LITERAL_CONVERSION = YES;
				CLANG_WARN_OBJC_ROOT_CLASS = YES_ERROR;
				CLANG_WARN_RANGE_LOOP_ANALYSIS = YES;
				CLANG_WARN_STRICT_PROTOTYPES = YES;
				CLANG_WARN_SUSPICIOUS_MOVE = YES;
				CLANG_WARN_UNREACHABLE_CODE = YES;
				CLANG_WARN__DUPLICATE_METHOD_MATCH = YES;
				CODE_SIGN_IDENTITY = "-";
				COPY_PHASE_STRIP = NO;
				DEBUG_INFORMATION_FORMAT = "dwarf-with-dsym";
				ENABLE_NS_ASSERTIONS = NO;
				ENABLE_STRICT_OBJC_MSGSEND = YES;
				GCC_C_LANGUAGE_STANDARD = gnu99;
				GCC_NO_COMMON_BLOCKS = YES;
				GCC_WARN_64_TO_32_BIT_CONVERSION = YES;
				GCC_WARN_ABOUT_RETURN_TYPE = YES_ERROR;
				GCC_WARN_UNDECLARED_SELECTOR = YES;
				GCC_WARN_UNINITIALIZED_AUTOS = YES_AGGRESSIVE;
				GCC_WARN_UNUSED_FUNCTION = YES;
				GCC_WARN_UNUSED_VARIABLE = YES;
				MACOSX_DEPLOYMENT_TARGET = 10.12;
				MTL_ENABLE_DEBUG_INFO = NO;
				SDKROOT = macosx;
				SWIFT_OPTIMIZATION_LEVEL = "-Owholemodule";
			};
			name = Release;
		};
		A13B450B1E0EAE00009AF340 /* Debug */ = {
			isa = XCBuildConfiguration;
			buildSettings = {
				ASSETCATALOG_COMPILER_APPICON_NAME = AppIcon;
				CLANG_ENABLE_MODULES = YES;
				CODE_SIGN_ENTITLEMENTS = Sources/Resources/Letters.entitlements;
				CODE_SIGN_IDENTITY = "Mac Developer";
				COMBINE_HIDPI_IMAGES = YES;
				DEVELOPMENT_TEAM = 7T5ZNLTMSK;
				FRAMEWORK_SEARCH_PATHS = (
					"$(inherited)",
					"$(PROJECT_DIR)/Carthage/Build/Mac",
				);
				INFOPLIST_FILE = Sources/Resources/Info.plist;
				LD_RUNPATH_SEARCH_PATHS = "$(inherited) @executable_path/../Frameworks";
				PRODUCT_BUNDLE_IDENTIFIER = me.annema.letters;
				PRODUCT_NAME = "$(TARGET_NAME)";
				SWIFT_OPTIMIZATION_LEVEL = "-Onone";
				SWIFT_VERSION = 4.0;
			};
			name = Debug;
		};
		A13B450C1E0EAE00009AF340 /* Release */ = {
			isa = XCBuildConfiguration;
			buildSettings = {
				ASSETCATALOG_COMPILER_APPICON_NAME = AppIcon;
				CLANG_ENABLE_MODULES = YES;
				CODE_SIGN_ENTITLEMENTS = Sources/Resources/Letters.entitlements;
				CODE_SIGN_IDENTITY = "Mac Developer";
				COMBINE_HIDPI_IMAGES = YES;
				DEVELOPMENT_TEAM = 7T5ZNLTMSK;
				FRAMEWORK_SEARCH_PATHS = (
					"$(inherited)",
					"$(PROJECT_DIR)/Carthage/Build/Mac",
				);
				INFOPLIST_FILE = Sources/Resources/Info.plist;
				LD_RUNPATH_SEARCH_PATHS = "$(inherited) @executable_path/../Frameworks";
				PRODUCT_BUNDLE_IDENTIFIER = me.annema.letters;
				PRODUCT_NAME = "$(TARGET_NAME)";
				SWIFT_VERSION = 4.0;
			};
			name = Release;
		};
/* End XCBuildConfiguration section */

/* Begin XCConfigurationList section */
		A13B44F61E0EADFF009AF340 /* Build configuration list for PBXProject "Letters" */ = {
			isa = XCConfigurationList;
			buildConfigurations = (
				A13B45081E0EAE00009AF340 /* Debug */,
				A13B45091E0EAE00009AF340 /* Release */,
			);
			defaultConfigurationIsVisible = 0;
			defaultConfigurationName = Release;
		};
		A13B450A1E0EAE00009AF340 /* Build configuration list for PBXNativeTarget "Letters" */ = {
			isa = XCConfigurationList;
			buildConfigurations = (
				A13B450B1E0EAE00009AF340 /* Debug */,
				A13B450C1E0EAE00009AF340 /* Release */,
			);
			defaultConfigurationIsVisible = 0;
			defaultConfigurationName = Release;
		};
/* End XCConfigurationList section */
	};
	rootObject = A13B44F31E0EADFF009AF340 /* Project object */;
}
